{
    "_meta": {
        "hash": {
            "sha256": "ab0b7347e6197c66b4cbc5cf228296b017ecbeab0ef08766d6fc4ea885c3b618"
        },
        "host-environment-markers": {
            "implementation_name": "cpython",
            "implementation_version": "3.5.2",
            "os_name": "posix",
            "platform_machine": "x86_64",
            "platform_python_implementation": "CPython",
            "platform_release": "4.4.0-97-generic",
            "platform_system": "Linux",
            "platform_version": "#120-Ubuntu SMP Tue Sep 19 17:28:18 UTC 2017",
            "python_full_version": "3.5.2",
            "python_version": "3.5",
            "sys_platform": "linux"
        },
        "pipfile-spec": 6,
        "requires": {
            "python_version": "3.5"
        },
        "sources": [
            {
                "name": "pypi",
                "url": "https://pypi.python.org/simple",
                "verify_ssl": true
            }
        ]
    },
    "default": {
        "django": {
            "hashes": [
                "sha256:7ab6a9c798a5f9f359ee6da3677211f883fb02ef32cebe9b29751eb7a871febf",
                "sha256:c3b42ca1efa1c0a129a9e863134cc3fe705c651dea3a04a7998019e522af0c60"
            ],
            "version": "==1.11.6"
        },
        "django-constance": {
            "hashes": [
                "sha256:8e906b084dbfd2ecc9aaa682865314221849718e126d5bc3bff0264ffed4c880",
                "sha256:6eec9f3ac4e5657b93e64f3379181d1e727088df10dd34f0398cd12119b9f0b0"
            ],
            "version": "==2.0.0"
        },
        "django-modeladmin-reorder": {
            "hashes": [
                "sha256:48b21027714b7f20f5b5125bd7741284014e84966351c09f561c3dc6312c8112"
            ],
            "version": "==0.2"
        },
        "django-picklefield": {
            "hashes": [
                "sha256:57e4349c7f75eab08fe7ceb11e7135644fdf771e2777a754db4f07e5c63c191f",
                "sha256:61e3ba7f6df82d8df9e6be3a8c55ef589eb3bf926c3d25d2b7949b07eae78354"
            ],
            "version": "==1.0.0"
        },
        "djangorestframework": {
            "hashes": [
                "sha256:cd7f0f678d63e2be561834ff2049eef6d9fd6fb85c63bea7e94597b36c015bf4",
                "sha256:305b2c6564ca46d3b558ba21110ed717135c467adf1a6dfd192bd85f4bb04d50"
            ],
            "version": "==3.7.1"
        },
        "pytz": {
            "hashes": [
                "sha256:80af0f3008046b9975242012a985f04c5df1f01eed4ec1633d56cc47a75a6a48",
                "sha256:feb2365914948b8620347784b6b6da356f31c9d03560259070b2f30cff3d469d",
                "sha256:59707844a9825589878236ff2f4e0dc9958511b7ffaae94dc615da07d4a68d33",
                "sha256:d0ef5ef55ed3d37854320d4926b04a4cb42a2e88f71da9ddfdacfde8e364f027",
                "sha256:c41c62827ce9cafacd6f2f7018e4f83a6f1986e87bfd000b8cfbd4ab5da95f1a",
                "sha256:8cc90340159b5d7ced6f2ba77694d946fc975b09f1a51d93f3ce3bb399396f94",
                "sha256:dd2e4ca6ce3785c8dd342d1853dd9052b19290d5bf66060846e5dc6b8d6667f7",
                "sha256:699d18a2a56f19ee5698ab1123bbcc1d269d061996aeb1eda6d89248d3542b82",
                "sha256:fae4cffc040921b8a2d60c6cf0b5d662c1190fe54d718271db4eb17d44a185b7"
            ],
            "version": "==2017.3"
        }
    },
    "develop": {}
}
