{
    "_meta": {
        "hash": {
            "sha256": "39974f41757187370cf78d1ee3a6dc32fd8888bfaa444e94f0211e4e50edd2d1"
        },
        "host-environment-markers": {
            "implementation_name": "cpython",
            "implementation_version": "3.5.2",
            "os_name": "posix",
            "platform_machine": "x86_64",
            "platform_python_implementation": "CPython",
            "platform_release": "4.4.0-97-generic",
            "platform_system": "Linux",
            "platform_version": "#120-Ubuntu SMP Tue Sep 19 17:28:18 UTC 2017",
            "python_full_version": "3.5.2",
            "python_version": "3.5",
            "sys_platform": "linux"
        },
        "pipfile-spec": 6,
        "requires": {
            "python_version": "3.5"
        },
        "sources": [
            {
                "name": "pypi",
                "url": "https://pypi.python.org/simple",
                "verify_ssl": true
            }
        ]
    },
    "default": {
        "django": {
            "hashes": [
                "sha256:75ce405d60f092f6adf904058d023eeea0e6d380f8d9c36134bac73da736023d",
                "sha256:8918e392530d8fc6965a56af6504229e7924c27265893f3949aa0529cd1d4b99"
            ],
            "version": "==1.11.7"
        },
        "django-constance": {
            "hashes": [
                "sha256:8e906b084dbfd2ecc9aaa682865314221849718e126d5bc3bff0264ffed4c880",
                "sha256:6eec9f3ac4e5657b93e64f3379181d1e727088df10dd34f0398cd12119b9f0b0"
            ],
            "version": "==2.0.0"
        },
        "django-modeladmin-reorder": {
            "hashes": [
                "sha256:48b21027714b7f20f5b5125bd7741284014e84966351c09f561c3dc6312c8112"
            ],
            "version": "==0.2"
        },
        "django-picklefield": {
            "hashes": [
                "sha256:57e4349c7f75eab08fe7ceb11e7135644fdf771e2777a754db4f07e5c63c191f",
                "sha256:61e3ba7f6df82d8df9e6be3a8c55ef589eb3bf926c3d25d2b7949b07eae78354"
            ],
            "version": "==1.0.0"
        },
        "djangorestframework": {
            "hashes": [
                "sha256:79268055755125caaebface3acbe13150bbc3a83b78e9bf1a1abfde7ab0c5231",
                "sha256:067960e5e9e5586d3b2d53a1d626c4800dc33cd8309487d404fc63355674556f"
            ],
            "version": "==3.7.3"
        },
        "djangorestframework-camel-case": {
            "hashes": [
                "sha256:989c5c2d0324069fc1ecea4a5cb8913749d5f2f3c507b38977913ff1b76a719e"
            ],
            "version": "==0.2.0"
        },
        "djangorestframework-gis": {
            "hashes": [
                "sha256:3b8b6a2297410d2a738a3548e8b030bd2e0210090435affa4bfdee9b3de65f20",
                "sha256:80f5e024079f23421c7a34123eb0f50e8a324a61fc1366ed0173aa1a89d766a7"
            ],
            "version": "==0.12"
        },
        "pytz": {
            "hashes": [
                "sha256:80af0f3008046b9975242012a985f04c5df1f01eed4ec1633d56cc47a75a6a48",
                "sha256:feb2365914948b8620347784b6b6da356f31c9d03560259070b2f30cff3d469d",
                "sha256:59707844a9825589878236ff2f4e0dc9958511b7ffaae94dc615da07d4a68d33",
                "sha256:d0ef5ef55ed3d37854320d4926b04a4cb42a2e88f71da9ddfdacfde8e364f027",
                "sha256:c41c62827ce9cafacd6f2f7018e4f83a6f1986e87bfd000b8cfbd4ab5da95f1a",
                "sha256:8cc90340159b5d7ced6f2ba77694d946fc975b09f1a51d93f3ce3bb399396f94",
                "sha256:dd2e4ca6ce3785c8dd342d1853dd9052b19290d5bf66060846e5dc6b8d6667f7",
                "sha256:699d18a2a56f19ee5698ab1123bbcc1d269d061996aeb1eda6d89248d3542b82",
                "sha256:fae4cffc040921b8a2d60c6cf0b5d662c1190fe54d718271db4eb17d44a185b7"
            ],
            "version": "==2017.3"
        },
        "six": {
            "hashes": [
                "sha256:832dc0e10feb1aa2c68dcc57dbb658f1c7e65b9b61af69048abc87a2db00a0eb",
                "sha256:70e8a77beed4562e7f14fe23a786b54f6296e34344c23bc42f07b15018ff98e9"
            ],
            "version": "==1.11.0"
        }
    },
    "develop": {}
}
