{
    "_meta": {
        "hash": {
            "sha256": "42dbb65d42082cdb932788360e5278ffbc3adf67c1870b9c33dcdc7b405fe731"
        },
        "host-environment-markers": {
            "implementation_name": "cpython",
            "implementation_version": "3.5.2",
            "os_name": "posix",
            "platform_machine": "x86_64",
            "platform_python_implementation": "CPython",
            "platform_release": "4.4.0-116-generic",
            "platform_system": "Linux",
            "platform_version": "#140-Ubuntu SMP Mon Feb 12 21:23:04 UTC 2018",
            "python_full_version": "3.5.2",
            "python_version": "3.5",
            "sys_platform": "linux"
        },
        "pipfile-spec": 6,
        "requires": {
            "python_version": "3.5"
        },
        "sources": [
            {
                "name": "pypi",
                "url": "https://pypi.python.org/simple",
                "verify_ssl": true
            }
        ]
    },
    "default": {
        "django": {
            "hashes": [
                "sha256:3d9916515599f757043c690ae2b5ea28666afa09779636351da505396cbb2f19",
                "sha256:769f212ffd5762f72c764fa648fca3b7f7dd4ec27407198b68e7c4abf4609fd0"
            ],
            "version": "==2.0.3"
        },
        "django-constance": {
            "hashes": [
                "sha256:6cad1b5feae6f1f5d0ae89edcae05a2afd605d10a148f01d081656bffb1e309a",
                "sha256:19f926c40996506fca045f490334c02da92aa98dc24b3bb1033407126e7f9b53"
            ],
            "version": "==2.1.0"
        },
        "django-macaddress": {
            "hashes": [
                "sha256:9a56eed6d103654935fbb5e118e3e1b1461f1bed87f9b2a995656c39c5024cb7",
                "sha256:be4530043cd05fda5116db2199cd1fbf27389d410e2260a7c39049ab9ac178ff"
            ],
            "version": "==1.4.1"
        },
        "django-modeladmin-reorder": {
            "hashes": [
                "sha256:b59a536bb1f87f350c0217610396908cf82930dc60b4593f46892250961c56cf"
            ],
            "version": "==0.3"
        },
        "django-picklefield": {
            "hashes": [
                "sha256:57e4349c7f75eab08fe7ceb11e7135644fdf771e2777a754db4f07e5c63c191f",
                "sha256:61e3ba7f6df82d8df9e6be3a8c55ef589eb3bf926c3d25d2b7949b07eae78354"
            ],
            "version": "==1.0.0"
        },
        "django-polymorphic": {
            "hashes": [
                "sha256:317bde04d5b218fa1ad07734dfbbbd3947c9495650ba7e015c5d4f6def00c879",
                "sha256:e1821d7b5874509a158a0f22bebf544330e0944c481c5a3e6da6cac8887e4e88"
            ],
            "version": "==2.0.2"
        },
        "django-shib-auth": {
            "git": "https://github.com/ritstudentgovernment/django-shib-auth.git"
        },
        "djangorestframework": {
            "hashes": [
                "sha256:1f6baf40ed456ed2af6bd1a4ff8bbc3503cebea16509993aea2b7085bc097766",
                "sha256:9f9e94e8d22b100ed3a43cee8c47a7ff7b185e778a1f2da9ec5c73fc4e081b87"
            ],
            "version": "==3.7.7"
        },
        "djangorestframework-camel-case": {
            "hashes": [
                "sha256:989c5c2d0324069fc1ecea4a5cb8913749d5f2f3c507b38977913ff1b76a719e"
            ],
            "version": "==0.2.0"
        },
        "djangorestframework-gis": {
            "hashes": [
                "sha256:3b8b6a2297410d2a738a3548e8b030bd2e0210090435affa4bfdee9b3de65f20",
                "sha256:80f5e024079f23421c7a34123eb0f50e8a324a61fc1366ed0173aa1a89d766a7"
            ],
            "version": "==0.12"
        },
        "netaddr": {
            "hashes": [
                "sha256:56b3558bd71f3f6999e4c52e349f38660e54a7a8a9943335f73dfc96883e08ca",
                "sha256:38aeec7cdd035081d3a4c306394b19d677623bf76fa0913f6695127c7753aefd"
            ],
            "version": "==0.7.19"
        },
        "pytz": {
            "hashes": [
                "sha256:ed6509d9af298b7995d69a440e2822288f2eca1681b8cce37673dbb10091e5fe",
                "sha256:f93ddcdd6342f94cea379c73cddb5724e0d6d0a1c91c9bdef364dc0368ba4fda",
                "sha256:61242a9abc626379574a166dc0e96a66cd7c3b27fc10868003fa210be4bff1c9",
                "sha256:ba18e6a243b3625513d85239b3e49055a2f0318466e0b8a92b8fb8ca7ccdf55f",
                "sha256:07edfc3d4d2705a20a6e99d97f0c4b61c800b8232dc1c04d87e8554f130148dd",
                "sha256:3a47ff71597f821cd84a162e71593004286e5be07a340fd462f0d33a760782b5",
                "sha256:5bd55c744e6feaa4d599a6cbd8228b4f8f9ba96de2c38d56f08e534b3c9edf0d",
                "sha256:887ab5e5b32e4d0c86efddd3d055c1f363cbaa583beb8da5e22d2fa2f64d51ef",
                "sha256:410bcd1d6409026fbaa65d9ed33bf6dd8b1e94a499e32168acfc7b332e4095c0"
            ],
            "version": "==2018.3"
        },
        "six": {
            "hashes": [
                "sha256:832dc0e10feb1aa2c68dcc57dbb658f1c7e65b9b61af69048abc87a2db00a0eb",
                "sha256:70e8a77beed4562e7f14fe23a786b54f6296e34344c23bc42f07b15018ff98e9"
            ],
            "version": "==1.11.0"
        }
    },
    "develop": {}
}
